<?xml version="1.0" encoding="utf-8"?>
<Project ToolsVersion="4.0" xmlns="http://schemas.microsoft.com/developer/msbuild/2003">
  <ItemGroup>
    <ClCompile Include="main.cpp" />
    <ClCompile Include="protobuf\addressbook.pb.cc">
      <Filter>protobuf</Filter>
    </ClCompile>
  </ItemGroup>
  <ItemGroup>
    <Filter Include="capnproto">
      <UniqueIdentifier>{d7dc270e-d0e2-404c-992d-4596e632bc08}</UniqueIdentifier>
    </Filter>
    <Filter Include="IndexBuffers">
      <UniqueIdentifier>{cf4a2a1d-b87b-4801-b64b-c73f1d736c41}</UniqueIdentifier>
    </Filter>
    <Filter Include="flatbuffers">
      <UniqueIdentifier>{dbb35456-a9bd-47f6-8491-3242b9772229}</UniqueIdentifier>
    </Filter>
    <Filter Include="protobuf">
      <UniqueIdentifier>{8d97a1ba-9738-400f-a17b-699fbf163302}</UniqueIdentifier>
    </Filter>
  </ItemGroup>
  <ItemGroup>
    <None Include="capnproto\addressbook.capnp">
      <Filter>capnproto</Filter>
    </None>
    <None Include="capnproto\addressbook.capnp.c++">
      <Filter>capnproto</Filter>
    </None>
    <None Include="IndexBuffers\addressbook.ibs">
      <Filter>IndexBuffers</Filter>
    </None>
    <None Include="flatbuffers\addressbook.fbs">
      <Filter>flatbuffers</Filter>
    </None>
    <None Include="protobuf\addressbook.proto">
      <Filter>protobuf</Filter>
    </None>
  </ItemGroup>
  <ItemGroup>
    <ClInclude Include="capnproto\addressbook.capnp.h">
      <Filter>capnproto</Filter>
    </ClInclude>
    <ClInclude Include="IndexBuffers\addressbook_generated.hpp">
      <Filter>IndexBuffers</Filter>
    </ClInclude>
    <ClInclude Include="flatbuffers\addressbook_generated.h">
      <Filter>flatbuffers</Filter>
    </ClInclude>
    <ClInclude Include="protobuf\addressbook.pb.h">
      <Filter>protobuf</Filter>
    </ClInclude>
  </ItemGroup>
</Project>